Microsoft Visual Studio Solution File, Format Version 12.00
# Visual Studio 15
VisualStudioVersion = 15.0.28010.2050
MinimumVisualStudioVersion = 10.0.40219.1
Project("{9A19103F-16F7-4668-BE54-9A1E7A4F7556}") = "Client", "GameClient\Client.csproj", "{EE75143F-FEE2-49E1-810C-F31774C03D81}"
EndProject
Project("{9A19103F-16F7-4668-BE54-9A1E7A4F7556}") = "Server", "Server\Server.csproj", "{C544926F-3369-44EB-BAD4-817123342AC9}"
EndProject
Global
	GlobalSection(SolutionConfigurationPlatforms) = preSolution
		Debug|Any CPU = Debug|Any CPU
		Release|Any CPU = Release|Any CPU
	EndGlobalSection
	GlobalSection(ProjectConfigurationPlatforms) = postSolution
		{EE75143F-FEE2-49E1-810C-F31774C03D81}.Debug|Any CPU.ActiveCfg = Debug|Any CPU
		{EE75143F-FEE2-49E1-810C-F31774C03D81}.Debug|Any CPU.Build.0 = Debug|Any CPU
		{EE75143F-FEE2-49E1-810C-F31774C03D81}.Release|Any CPU.ActiveCfg = Release|Any CPU
		{EE75143F-FEE2-49E1-810C-F31774C03D81}.Release|Any CPU.Build.0 = Release|Any CPU
		{C544926F-3369-44EB-BAD4-817123342AC9}.Debug|Any CPU.ActiveCfg = Debug|Any CPU
		{C544926F-3369-44EB-BAD4-817123342AC9}.Debug|Any CPU.Build.0 = Debug|Any CPU
		{C544926F-3369-44EB-BAD4-817123342AC9}.Release|Any CPU.ActiveCfg = Release|Any CPU
		{C544926F-3369-44EB-BAD4-817123342AC9}.Release|Any CPU.Build.0 = Release|Any CPU
	EndGlobalSection
	GlobalSection(SolutionProperties) = preSolution
		HideSolutionNode = FALSE
	EndGlobalSection
	GlobalSection(ExtensibilityGlobals) = postSolution
		SolutionGuid = {C9F08D33-6FEB-497D-BAC5-E8F3C97F7EDA}
	EndGlobalSection
EndGlobal
